
Microsoft Visual Studio Solution File, Format Version 11.00
# Visual Studio 2010
Project("{FAE04EC0-301F-11D3-BF4B-00C04F79EFBC}") = "tests", "Assembly-CSharp.csproj", "{F519CEC5-65C9-5A0B-2DF5-438B108CF7EC}"
EndProject
Global
	GlobalSection(SolutionConfigurationPlatforms) = preSolution
		Debug|Any CPU = Debug|Any CPU
		Release|Any CPU = Release|Any CPU
	EndGlobalSection
	GlobalSection(ProjectConfigurationPlatforms) = postSolution
		{F519CEC5-65C9-5A0B-2DF5-438B108CF7EC}.Debug|Any CPU.ActiveCfg = Debug|Any CPU
		{F519CEC5-65C9-5A0B-2DF5-438B108CF7EC}.Debug|Any CPU.Build.0 = Debug|Any CPU
		{F519CEC5-65C9-5A0B-2DF5-438B108CF7EC}.Release|Any CPU.ActiveCfg = Release|Any CPU
		{F519CEC5-65C9-5A0B-2DF5-438B108CF7EC}.Release|Any CPU.Build.0 = Release|Any CPU
	EndGlobalSection
	GlobalSection(SolutionProperties) = preSolution
		HideSolutionNode = FALSE
	EndGlobalSection
	GlobalSection(MonoDevelopProperties) = preSolution
		StartupItem = Assembly-CSharp.csproj
	EndGlobalSection
EndGlobal
