Microsoft Visual Studio Solution File, Format Version 11.00
# Visual Studio 2008

Project("{67A71FA7-E525-9231-3178-5FD66566EE6E}") = "Bobby Dick", "Assembly-CSharp.csproj", "{CE518872-3EF7-4D3D-C182-63E254D60B74}"
EndProject
Global
	GlobalSection(SolutionConfigurationPlatforms) = preSolution
		Debug|Any CPU = Debug|Any CPU
		Release|Any CPU = Release|Any CPU
	EndGlobalSection
	GlobalSection(ProjectConfigurationPlatforms) = postSolution
		{CE518872-3EF7-4D3D-C182-63E254D60B74}.Debug|Any CPU.ActiveCfg = Debug|Any CPU
		{CE518872-3EF7-4D3D-C182-63E254D60B74}.Debug|Any CPU.Build.0 = Debug|Any CPU
		{CE518872-3EF7-4D3D-C182-63E254D60B74}.Release|Any CPU.ActiveCfg = Release|Any CPU
		{CE518872-3EF7-4D3D-C182-63E254D60B74}.Release|Any CPU.Build.0 = Release|Any CPU
	EndGlobalSection
	GlobalSection(SolutionProperties) = preSolution
		HideSolutionNode = FALSE
	EndGlobalSection
	GlobalSection(MonoDevelopProperties) = preSolution
		StartupItem = Assembly-CSharp.csproj
	EndGlobalSection
EndGlobal
