
Microsoft Visual Studio Solution File, Format Version 12.00
# Visual Studio 15
Project("{FAE04EC0-301F-11D3-BF4B-00C04F79EFBC}") = "Assembly-CSharp", "Assembly-CSharp.csproj", "{C577F682-1C69-92AC-33B5-5084BF9640EF}"
EndProject
Project("{FAE04EC0-301F-11D3-BF4B-00C04F79EFBC}") = "Assembly-CSharp-firstpass", "Assembly-CSharp-firstpass.csproj", "{D3FF0165-03E7-DDC0-27DC-C14C64579521}"
EndProject
Project("{FAE04EC0-301F-11D3-BF4B-00C04F79EFBC}") = "Assembly-CSharp-Editor", "Assembly-CSharp-Editor.csproj", "{9F491931-FEF3-F0E8-C235-BBC975DC1D5F}"
EndProject
Project("{FAE04EC0-301F-11D3-BF4B-00C04F79EFBC}") = "Assembly-CSharp-Editor-firstpass", "Assembly-CSharp-Editor-firstpass.csproj", "{4105213D-83FF-4635-C323-755A407112CC}"
EndProject
Global
	GlobalSection(SolutionConfigurationPlatforms) = preSolution
		Debug|Any CPU = Debug|Any CPU
		Release|Any CPU = Release|Any CPU
	EndGlobalSection
	GlobalSection(ProjectConfigurationPlatforms) = postSolution
		{C577F682-1C69-92AC-33B5-5084BF9640EF}.Debug|Any CPU.ActiveCfg = Debug|Any CPU
		{C577F682-1C69-92AC-33B5-5084BF9640EF}.Debug|Any CPU.Build.0 = Debug|Any CPU
		{C577F682-1C69-92AC-33B5-5084BF9640EF}.Release|Any CPU.ActiveCfg = Release|Any CPU
		{C577F682-1C69-92AC-33B5-5084BF9640EF}.Release|Any CPU.Build.0 = Release|Any CPU
		{D3FF0165-03E7-DDC0-27DC-C14C64579521}.Debug|Any CPU.ActiveCfg = Debug|Any CPU
		{D3FF0165-03E7-DDC0-27DC-C14C64579521}.Debug|Any CPU.Build.0 = Debug|Any CPU
		{D3FF0165-03E7-DDC0-27DC-C14C64579521}.Release|Any CPU.ActiveCfg = Release|Any CPU
		{D3FF0165-03E7-DDC0-27DC-C14C64579521}.Release|Any CPU.Build.0 = Release|Any CPU
		{9F491931-FEF3-F0E8-C235-BBC975DC1D5F}.Debug|Any CPU.ActiveCfg = Debug|Any CPU
		{9F491931-FEF3-F0E8-C235-BBC975DC1D5F}.Debug|Any CPU.Build.0 = Debug|Any CPU
		{9F491931-FEF3-F0E8-C235-BBC975DC1D5F}.Release|Any CPU.ActiveCfg = Release|Any CPU
		{9F491931-FEF3-F0E8-C235-BBC975DC1D5F}.Release|Any CPU.Build.0 = Release|Any CPU
		{4105213D-83FF-4635-C323-755A407112CC}.Debug|Any CPU.ActiveCfg = Debug|Any CPU
		{4105213D-83FF-4635-C323-755A407112CC}.Debug|Any CPU.Build.0 = Debug|Any CPU
		{4105213D-83FF-4635-C323-755A407112CC}.Release|Any CPU.ActiveCfg = Release|Any CPU
		{4105213D-83FF-4635-C323-755A407112CC}.Release|Any CPU.Build.0 = Release|Any CPU
	EndGlobalSection
	GlobalSection(SolutionProperties) = preSolution
		HideSolutionNode = FALSE
	EndGlobalSection
EndGlobal
