
Microsoft Visual Studio Solution File, Format Version 11.00
# Visual Studio 2010
Project("{FAE04EC0-301F-11D3-BF4B-00C04F79EFBC}") = "Assembly-CSharp", "Assembly-CSharp.csproj", "{CBB2B686-B616-A816-3BA3-0E98093EE64B}"
EndProject
Project("{FAE04EC0-301F-11D3-BF4B-00C04F79EFBC}") = "Assembly-CSharp-firstpass", "Assembly-CSharp-firstpass.csproj", "{F38868C7-CDC0-9034-93B6-8067780D2D45}"
EndProject
Project("{FAE04EC0-301F-11D3-BF4B-00C04F79EFBC}") = "Assembly-CSharp-Editor", "Assembly-CSharp-Editor.csproj", "{2B123F1C-0F91-6EEE-4779-5CDFF973B334}"
EndProject
Global
	GlobalSection(SolutionConfigurationPlatforms) = preSolution
		Debug|Any CPU = Debug|Any CPU
		Release|Any CPU = Release|Any CPU
	EndGlobalSection
	GlobalSection(ProjectConfigurationPlatforms) = postSolution
		{CBB2B686-B616-A816-3BA3-0E98093EE64B}.Debug|Any CPU.ActiveCfg = Debug|Any CPU
		{CBB2B686-B616-A816-3BA3-0E98093EE64B}.Debug|Any CPU.Build.0 = Debug|Any CPU
		{CBB2B686-B616-A816-3BA3-0E98093EE64B}.Release|Any CPU.ActiveCfg = Release|Any CPU
		{CBB2B686-B616-A816-3BA3-0E98093EE64B}.Release|Any CPU.Build.0 = Release|Any CPU
		{F38868C7-CDC0-9034-93B6-8067780D2D45}.Debug|Any CPU.ActiveCfg = Debug|Any CPU
		{F38868C7-CDC0-9034-93B6-8067780D2D45}.Debug|Any CPU.Build.0 = Debug|Any CPU
		{F38868C7-CDC0-9034-93B6-8067780D2D45}.Release|Any CPU.ActiveCfg = Release|Any CPU
		{F38868C7-CDC0-9034-93B6-8067780D2D45}.Release|Any CPU.Build.0 = Release|Any CPU
		{2B123F1C-0F91-6EEE-4779-5CDFF973B334}.Debug|Any CPU.ActiveCfg = Debug|Any CPU
		{2B123F1C-0F91-6EEE-4779-5CDFF973B334}.Debug|Any CPU.Build.0 = Debug|Any CPU
		{2B123F1C-0F91-6EEE-4779-5CDFF973B334}.Release|Any CPU.ActiveCfg = Release|Any CPU
		{2B123F1C-0F91-6EEE-4779-5CDFF973B334}.Release|Any CPU.Build.0 = Release|Any CPU
	EndGlobalSection
	GlobalSection(SolutionProperties) = preSolution
		HideSolutionNode = FALSE
	EndGlobalSection
	GlobalSection(MonoDevelopProperties) = preSolution
		StartupItem = Assembly-CSharp.csproj
	EndGlobalSection
EndGlobal
