
Microsoft Visual Studio Solution File, Format Version 12.00
# Visual Studio 2017
Project("{FAE04EC0-301F-11D3-BF4B-00C04F79EFBC}") = "Kek", "Kek.csproj", "{C7FF046C-A35D-954D-8423-395C3A3618DE}"
EndProject
Project("{FAE04EC0-301F-11D3-BF4B-00C04F79EFBC}") = "Kek.Plugins", "Kek.Plugins.csproj", "{0D9A1521-DE8E-5500-6659-CF8E4616F89B}"
EndProject
Project("{FAE04EC0-301F-11D3-BF4B-00C04F79EFBC}") = "Kek.Editor", "Kek.Editor.csproj", "{6B30C3A8-088A-87D5-DBEC-FF790533CCE2}"
EndProject
Global
	GlobalSection(SolutionConfigurationPlatforms) = preSolution
		Debug|Any CPU = Debug|Any CPU
		Release|Any CPU = Release|Any CPU
	EndGlobalSection
	GlobalSection(ProjectConfigurationPlatforms) = postSolution
		{C7FF046C-A35D-954D-8423-395C3A3618DE}.Debug|Any CPU.ActiveCfg = Debug|Any CPU
		{C7FF046C-A35D-954D-8423-395C3A3618DE}.Debug|Any CPU.Build.0 = Debug|Any CPU
		{C7FF046C-A35D-954D-8423-395C3A3618DE}.Release|Any CPU.ActiveCfg = Release|Any CPU
		{C7FF046C-A35D-954D-8423-395C3A3618DE}.Release|Any CPU.Build.0 = Release|Any CPU
		{0D9A1521-DE8E-5500-6659-CF8E4616F89B}.Debug|Any CPU.ActiveCfg = Debug|Any CPU
		{0D9A1521-DE8E-5500-6659-CF8E4616F89B}.Debug|Any CPU.Build.0 = Debug|Any CPU
		{0D9A1521-DE8E-5500-6659-CF8E4616F89B}.Release|Any CPU.ActiveCfg = Release|Any CPU
		{0D9A1521-DE8E-5500-6659-CF8E4616F89B}.Release|Any CPU.Build.0 = Release|Any CPU
		{6B30C3A8-088A-87D5-DBEC-FF790533CCE2}.Debug|Any CPU.ActiveCfg = Debug|Any CPU
		{6B30C3A8-088A-87D5-DBEC-FF790533CCE2}.Debug|Any CPU.Build.0 = Debug|Any CPU
		{6B30C3A8-088A-87D5-DBEC-FF790533CCE2}.Release|Any CPU.ActiveCfg = Release|Any CPU
		{6B30C3A8-088A-87D5-DBEC-FF790533CCE2}.Release|Any CPU.Build.0 = Release|Any CPU
	EndGlobalSection
	GlobalSection(SolutionProperties) = preSolution
		HideSolutionNode = FALSE
	EndGlobalSection
EndGlobal
