
Microsoft Visual Studio Solution File, Format Version 12.00
# Visual Studio 2017
Project("{FAE04EC0-301F-11D3-BF4B-00C04F79EFBC}") = "Chem", "Chem.csproj", "{22E02A8C-0515-E5A2-C81F-A845CB54FA93}"
EndProject
Project("{FAE04EC0-301F-11D3-BF4B-00C04F79EFBC}") = "Chem.Editor", "Chem.Editor.csproj", "{F9209611-FA7E-A4C4-CF95-D982D0440C36}"
EndProject
Global
	GlobalSection(SolutionConfigurationPlatforms) = preSolution
		Debug|Any CPU = Debug|Any CPU
		Release|Any CPU = Release|Any CPU
	EndGlobalSection
	GlobalSection(ProjectConfigurationPlatforms) = postSolution
		{22E02A8C-0515-E5A2-C81F-A845CB54FA93}.Debug|Any CPU.ActiveCfg = Debug|Any CPU
		{22E02A8C-0515-E5A2-C81F-A845CB54FA93}.Debug|Any CPU.Build.0 = Debug|Any CPU
		{22E02A8C-0515-E5A2-C81F-A845CB54FA93}.Release|Any CPU.ActiveCfg = Release|Any CPU
		{22E02A8C-0515-E5A2-C81F-A845CB54FA93}.Release|Any CPU.Build.0 = Release|Any CPU
		{F9209611-FA7E-A4C4-CF95-D982D0440C36}.Debug|Any CPU.ActiveCfg = Debug|Any CPU
		{F9209611-FA7E-A4C4-CF95-D982D0440C36}.Debug|Any CPU.Build.0 = Debug|Any CPU
		{F9209611-FA7E-A4C4-CF95-D982D0440C36}.Release|Any CPU.ActiveCfg = Release|Any CPU
		{F9209611-FA7E-A4C4-CF95-D982D0440C36}.Release|Any CPU.Build.0 = Release|Any CPU
	EndGlobalSection
	GlobalSection(SolutionProperties) = preSolution
		HideSolutionNode = FALSE
	EndGlobalSection
EndGlobal
